// !$*UTF8*$!
{
	archiveVersion = 1;
	classes = {
	};
	objectVersion = 46;
	objects = {

/* Begin PBXBuildFile section */
		DF15B403176219A900D27835 /* UIKit.framework in Frameworks */ = {isa = PBXBuildFile; fileRef = DF15B402176219A900D27835 /* UIKit.framework */; };
		DF15B405176219A900D27835 /* Foundation.framework in Frameworks */ = {isa = PBXBuildFile; fileRef = DF15B404176219A900D27835 /* Foundation.framework */; };
		DF15B407176219A900D27835 /* CoreGraphics.framework in Frameworks */ = {isa = PBXBuildFile; fileRef = DF15B406176219A900D27835 /* CoreGraphics.framework */; };
		DF15B40D176219A900D27835 /* InfoPlist.strings in Resources */ = {isa = PBXBuildFile; fileRef = DF15B40B176219A900D27835 /* InfoPlist.strings */; };
		DF15B40F176219A900D27835 /* main.m in Sources */ = {isa = PBXBuildFile; fileRef = DF15B40E176219A900D27835 /* main.m */; };
		DF15B413176219A900D27835 /* AppDelegate.m in Sources */ = {isa = PBXBuildFile; fileRef = DF15B412176219A900D27835 /* AppDelegate.m */; };
		DF15B41C176219A900D27835 /* MainStoryboard.storyboard in Resources */ = {isa = PBXBuildFile; fileRef = DF15B41A176219A900D27835 /* MainStoryboard.storyboard */; };
		DF15B42A17621C7A00D27835 /* FacebookSDK.framework in Frameworks */ = {isa = PBXBuildFile; fileRef = DF15B42817621C7A00D27835 /* FacebookSDK.framework */; };
		DF15B42B17621C7A00D27835 /* Parse.framework in Frameworks */ = {isa = PBXBuildFile; fileRef = DF15B42917621C7A00D27835 /* Parse.framework */; };
		DF15B42D17621C8300D27835 /* AudioToolbox.framework in Frameworks */ = {isa = PBXBuildFile; fileRef = DF15B42C17621C8300D27835 /* AudioToolbox.framework */; };
		DF15B42F17621C8800D27835 /* CFNetwork.framework in Frameworks */ = {isa = PBXBuildFile; fileRef = DF15B42E17621C8800D27835 /* CFNetwork.framework */; };
		DF15B43117621C9500D27835 /* CoreLocation.framework in Frameworks */ = {isa = PBXBuildFile; fileRef = DF15B43017621C9500D27835 /* CoreLocation.framework */; };
		DF15B43317621C9C00D27835 /* libz.1.1.3.dylib in Frameworks */ = {isa = PBXBuildFile; fileRef = DF15B43217621C9C00D27835 /* libz.1.1.3.dylib */; };
		DF15B43517621CA300D27835 /* MobileCoreServices.framework in Frameworks */ = {isa = PBXBuildFile; fileRef = DF15B43417621CA300D27835 /* MobileCoreServices.framework */; };
		DF15B43717621CAB00D27835 /* QuartzCore.framework in Frameworks */ = {isa = PBXBuildFile; fileRef = DF15B43617621CAB00D27835 /* QuartzCore.framework */; };
		DF15B43917621CB500D27835 /* Security.framework in Frameworks */ = {isa = PBXBuildFile; fileRef = DF15B43817621CB500D27835 /* Security.framework */; };
		DF15B43B17621CBC00D27835 /* StoreKit.framework in Frameworks */ = {isa = PBXBuildFile; fileRef = DF15B43A17621CBC00D27835 /* StoreKit.framework */; };
		DF15B43D17621CC700D27835 /* SystemConfiguration.framework in Frameworks */ = {isa = PBXBuildFile; fileRef = DF15B43C17621CC700D27835 /* SystemConfiguration.framework */; };
		DF15B43F17621D7E00D27835 /* libsqlite3.dylib in Frameworks */ = {isa = PBXBuildFile; fileRef = DF15B43E17621D7E00D27835 /* libsqlite3.dylib */; };
		DF15B44117621D8500D27835 /* Accounts.framework in Frameworks */ = {isa = PBXBuildFile; fileRef = DF15B44017621D8500D27835 /* Accounts.framework */; };
		DF15B44317621D8A00D27835 /* AdSupport.framework in Frameworks */ = {isa = PBXBuildFile; fileRef = DF15B44217621D8A00D27835 /* AdSupport.framework */; };
		DF15B44E17621EBF00D27835 /* SplashVC.m in Sources */ = {isa = PBXBuildFile; fileRef = DF15B44D17621EBF00D27835 /* SplashVC.m */; };
		DF15B4591762202000D27835 /* MBProgressHUD.m in Sources */ = {isa = PBXBuildFile; fileRef = DF15B4581762202000D27835 /* MBProgressHUD.m */; };
		DF15B45F1762208E00D27835 /* JASidePanelController.m in Sources */ = {isa = PBXBuildFile; fileRef = DF15B45C1762208E00D27835 /* JASidePanelController.m */; };
		DF15B4601762208E00D27835 /* UIViewController+JASidePanel.m in Sources */ = {isa = PBXBuildFile; fileRef = DF15B45E1762208E00D27835 /* UIViewController+JASidePanel.m */; };
		DF15B46E17622CEC00D27835 /* Social.framework in Frameworks */ = {isa = PBXBuildFile; fileRef = DF15B46D17622CEC00D27835 /* Social.framework */; };
		DF15B4891762373400D27835 /* NSDictionary+Null.m in Sources */ = {isa = PBXBuildFile; fileRef = DF15B4821762373400D27835 /* NSDictionary+Null.m */; };
		DF15B48A1762373400D27835 /* NSTimer+Blocks.m in Sources */ = {isa = PBXBuildFile; fileRef = DF15B4851762373400D27835 /* NSTimer+Blocks.m */; settings = {COMPILER_FLAGS = "-fno-objc-arc"; }; };
		DF15B48B1762373400D27835 /* UIButton+Block.m in Sources */ = {isa = PBXBuildFile; fileRef = DF15B4881762373400D27835 /* UIButton+Block.m */; };
		DF15B48E1762391B00D27835 /* Colors.m in Sources */ = {isa = PBXBuildFile; fileRef = DF15B48D1762391B00D27835 /* Colors.m */; };
		DF15B4931762392800D27835 /* DesignHelper.m in Sources */ = {isa = PBXBuildFile; fileRef = DF15B4901762392800D27835 /* DesignHelper.m */; };
		DF15B4941762392800D27835 /* Font.m in Sources */ = {isa = PBXBuildFile; fileRef = DF15B4921762392800D27835 /* Font.m */; };
		DF15B4971762393100D27835 /* Post.m in Sources */ = {isa = PBXBuildFile; fileRef = DF15B4961762393100D27835 /* Post.m */; };
		DF15B49E1762393D00D27835 /* FeedVC.m in Sources */ = {isa = PBXBuildFile; fileRef = DF15B4991762393C00D27835 /* FeedVC.m */; };
		DF15B49F1762393D00D27835 /* MenuVC.m in Sources */ = {isa = PBXBuildFile; fileRef = DF15B49B1762393D00D27835 /* MenuVC.m */; };
		DF15B4A01762393D00D27835 /* NewPostVC.m in Sources */ = {isa = PBXBuildFile; fileRef = DF15B49D1762393D00D27835 /* NewPostVC.m */; };
		DF15B4A31762395100D27835 /* StartVC.m in Sources */ = {isa = PBXBuildFile; fileRef = DF15B4A21762395100D27835 /* StartVC.m */; };
		DF15B4A71762399600D27835 /* nil.png in Resources */ = {isa = PBXBuildFile; fileRef = DF15B4A51762399600D27835 /* nil.png */; };
		DF15B4A81762399600D27835 /* nil@2x.png in Resources */ = {isa = PBXBuildFile; fileRef = DF15B4A61762399600D27835 /* nil@2x.png */; };
		DF15B4AF17623C2E00D27835 /* BlockActionSheet.m in Sources */ = {isa = PBXBuildFile; fileRef = DF15B4AB17623C2E00D27835 /* BlockActionSheet.m */; settings = {COMPILER_FLAGS = "-fno-objc-arc"; }; };
		DF15B4B017623C2E00D27835 /* BlockBackground.m in Sources */ = {isa = PBXBuildFile; fileRef = DF15B4AD17623C2E00D27835 /* BlockBackground.m */; settings = {COMPILER_FLAGS = "-fno-objc-arc"; }; };
		DF15B4B817623CC700D27835 /* nav_logo.png in Resources */ = {isa = PBXBuildFile; fileRef = DF15B4B217623CC700D27835 /* nav_logo.png */; };
		DF15B4B917623CC700D27835 /* nav_logo@2x.png in Resources */ = {isa = PBXBuildFile; fileRef = DF15B4B317623CC700D27835 /* nav_logo@2x.png */; };
		DF15B4BA17623CC700D27835 /* nav_slidebutton.png in Resources */ = {isa = PBXBuildFile; fileRef = DF15B4B417623CC700D27835 /* nav_slidebutton.png */; };
		DF15B4BB17623CC700D27835 /* nav_slidebutton@2x.png in Resources */ = {isa = PBXBuildFile; fileRef = DF15B4B517623CC700D27835 /* nav_slidebutton@2x.png */; };
		DF15B4BC17623CC700D27835 /* navbar.png in Resources */ = {isa = PBXBuildFile; fileRef = DF15B4B617623CC700D27835 /* navbar.png */; };
		DF15B4BD17623CC700D27835 /* navbar@2x.png in Resources */ = {isa = PBXBuildFile; fileRef = DF15B4B717623CC700D27835 /* navbar@2x.png */; };
		DF15B4C017623E1C00D27835 /* newpost.png in Resources */ = {isa = PBXBuildFile; fileRef = DF15B4BE17623E1C00D27835 /* newpost.png */; };
		DF15B4C117623E1C00D27835 /* newpost@2x.png in Resources */ = {isa = PBXBuildFile; fileRef = DF15B4BF17623E1C00D27835 /* newpost@2x.png */; };
		DF15B4C31762414400D27835 /* icon57.png in Resources */ = {isa = PBXBuildFile; fileRef = DF15B4C21762414400D27835 /* icon57.png */; };
		DF15B4C51762414900D27835 /* icon114.png in Resources */ = {isa = PBXBuildFile; fileRef = DF15B4C41762414800D27835 /* icon114.png */; };
		DF15B4C71762432200D27835 /* Default.png in Resources */ = {isa = PBXBuildFile; fileRef = DF15B4C61762432200D27835 /* Default.png */; };
		DF15B4C9176243CE00D27835 /* Default-568h@2x.png in Resources */ = {isa = PBXBuildFile; fileRef = DF15B4C8176243CE00D27835 /* Default-568h@2x.png */; };
		DF15B4CB176243D500D27835 /* Default@2x.png in Resources */ = {isa = PBXBuildFile; fileRef = DF15B4CA176243D500D27835 /* Default@2x.png */; };
		DF15B4D01762492600D27835 /* navbar_back.png in Resources */ = {isa = PBXBuildFile; fileRef = DF15B4CC1762492600D27835 /* navbar_back.png */; };
		DF15B4D11762492600D27835 /* navbar_back@2x.png in Resources */ = {isa = PBXBuildFile; fileRef = DF15B4CD1762492600D27835 /* navbar_back@2x.png */; };
		DF15B4D21762492600D27835 /* navbar_cancel.png in Resources */ = {isa = PBXBuildFile; fileRef = DF15B4CE1762492600D27835 /* navbar_cancel.png */; };
		DF15B4D31762492600D27835 /* navbar_cancel@2x.png in Resources */ = {isa = PBXBuildFile; fileRef = DF15B4CF1762492600D27835 /* navbar_cancel@2x.png */; };
		DF15B4D717624B2E00D27835 /* orange_button.png in Resources */ = {isa = PBXBuildFile; fileRef = DF15B4D517624B2E00D27835 /* orange_button.png */; };
		DF15B4D817624B2E00D27835 /* orange_button@2x.png in Resources */ = {isa = PBXBuildFile; fileRef = DF15B4D617624B2E00D27835 /* orange_button@2x.png */; };
		DF15B4DB17624C9E00D27835 /* gray_button.png in Resources */ = {isa = PBXBuildFile; fileRef = DF15B4D917624C9E00D27835 /* gray_button.png */; };
		DF15B4DC17624C9E00D27835 /* gray_button@2x.png in Resources */ = {isa = PBXBuildFile; fileRef = DF15B4DA17624C9E00D27835 /* gray_button@2x.png */; };
		DF15B4DF176250FD00D27835 /* UserFollow.m in Sources */ = {isa = PBXBuildFile; fileRef = DF15B4DE176250FD00D27835 /* UserFollow.m */; };
		DF15B4E21762519E00D27835 /* UserVC.m in Sources */ = {isa = PBXBuildFile; fileRef = DF15B4E11762519E00D27835 /* UserVC.m */; };
		DF15B4E9176252FA00D27835 /* NSTimer+Blocks.m in Sources */ = {isa = PBXBuildFile; fileRef = DF15B4E8176252FA00D27835 /* NSTimer+Blocks.m */; settings = {COMPILER_FLAGS = "-fno-objc-arc"; }; };
		DF15B4FD1762531100D27835 /* SDImageCache.m in Sources */ = {isa = PBXBuildFile; fileRef = DF15B4EC1762531000D27835 /* SDImageCache.m */; settings = {COMPILER_FLAGS = "-fno-objc-arc"; }; };
		DF15B4FE1762531100D27835 /* SDWebImageDecoder.m in Sources */ = {isa = PBXBuildFile; fileRef = DF15B4F01762531000D27835 /* SDWebImageDecoder.m */; settings = {COMPILER_FLAGS = "-fno-objc-arc"; }; };
		DF15B4FF1762531100D27835 /* SDWebImageDownloader.m in Sources */ = {isa = PBXBuildFile; fileRef = DF15B4F21762531000D27835 /* SDWebImageDownloader.m */; settings = {COMPILER_FLAGS = "-fno-objc-arc"; }; };
		DF15B5001762531100D27835 /* SDWebImageManager.m in Sources */ = {isa = PBXBuildFile; fileRef = DF15B4F51762531100D27835 /* SDWebImageManager.m */; settings = {COMPILER_FLAGS = "-fno-objc-arc"; }; };
		DF15B5011762531100D27835 /* SDWebImagePrefetcher.m in Sources */ = {isa = PBXBuildFile; fileRef = DF15B4F81762531100D27835 /* SDWebImagePrefetcher.m */; settings = {COMPILER_FLAGS = "-fno-objc-arc"; }; };
		DF15B5021762531100D27835 /* UIButton+WebCache.m in Sources */ = {isa = PBXBuildFile; fileRef = DF15B4FA1762531100D27835 /* UIButton+WebCache.m */; settings = {COMPILER_FLAGS = "-fno-objc-arc"; }; };
		DF15B5031762531100D27835 /* UIImageView+WebCache.m in Sources */ = {isa = PBXBuildFile; fileRef = DF15B4FC1762531100D27835 /* UIImageView+WebCache.m */; settings = {COMPILER_FLAGS = "-fno-objc-arc"; }; };
		DF15B5071762540B00D27835 /* newpost_placeholder.png in Resources */ = {isa = PBXBuildFile; fileRef = DF15B5051762540B00D27835 /* newpost_placeholder.png */; };
		DF15B5081762540B00D27835 /* newpost_placeholder@2x.png in Resources */ = {isa = PBXBuildFile; fileRef = DF15B5061762540B00D27835 /* newpost_placeholder@2x.png */; };
		DF15B50B17625ACC00D27835 /* light_button.png in Resources */ = {isa = PBXBuildFile; fileRef = DF15B50917625ACC00D27835 /* light_button.png */; };
		DF15B50C17625ACC00D27835 /* light_button@2x.png in Resources */ = {isa = PBXBuildFile; fileRef = DF15B50A17625ACC00D27835 /* light_button@2x.png */; };
		DF15B51417625E6100D27835 /* nav_button_back_orange.png in Resources */ = {isa = PBXBuildFile; fileRef = DF15B51017625E6100D27835 /* nav_button_back_orange.png */; };
		DF15B51517625E6100D27835 /* nav_button_back_orange@2x.png in Resources */ = {isa = PBXBuildFile; fileRef = DF15B51117625E6100D27835 /* nav_button_back_orange@2x.png */; };
		DF15B51617625E6100D27835 /* nav_button_orange.png in Resources */ = {isa = PBXBuildFile; fileRef = DF15B51217625E6100D27835 /* nav_button_orange.png */; };
		DF15B51717625E6100D27835 /* nav_button_orange@2x.png in Resources */ = {isa = PBXBuildFile; fileRef = DF15B51317625E6100D27835 /* nav_button_orange@2x.png */; };
		DF15B52217626BC500D27835 /* ABFlatSwitch.m in Sources */ = {isa = PBXBuildFile; fileRef = DF15B51D17626BC500D27835 /* ABFlatSwitch.m */; };
		DF15B52317626BC500D27835 /* ABFlatSwitchKnobLayer.m in Sources */ = {isa = PBXBuildFile; fileRef = DF15B51F17626BC500D27835 /* ABFlatSwitchKnobLayer.m */; };
		DF15B52417626BC500D27835 /* ABFlatSwitchToggleLayer.m in Sources */ = {isa = PBXBuildFile; fileRef = DF15B52117626BC500D27835 /* ABFlatSwitchToggleLayer.m */; };
		DF15B52C17626F9A00D27835 /* HPGrowingTextView.m in Sources */ = {isa = PBXBuildFile; fileRef = DF15B52917626F9A00D27835 /* HPGrowingTextView.m */; };
		DF15B52D17626F9A00D27835 /* HPTextViewInternal.m in Sources */ = {isa = PBXBuildFile; fileRef = DF15B52B17626F9A00D27835 /* HPTextViewInternal.m */; };
		DF15B5311762754200D27835 /* PostCell.m in Sources */ = {isa = PBXBuildFile; fileRef = DF15B5301762754200D27835 /* PostCell.m */; };
		DF15B5341762760300D27835 /* avatar.png in Resources */ = {isa = PBXBuildFile; fileRef = DF15B5321762760300D27835 /* avatar.png */; };
		DF15B5351762760300D27835 /* avatar@2x.png in Resources */ = {isa = PBXBuildFile; fileRef = DF15B5331762760300D27835 /* avatar@2x.png */; };
		DF15B5381762815D00D27835 /* AppHelper.m in Sources */ = {isa = PBXBuildFile; fileRef = DF15B5371762815C00D27835 /* AppHelper.m */; };
		DF15B53B1762850600D27835 /* menu_sample.png in Resources */ = {isa = PBXBuildFile; fileRef = DF15B5391762850600D27835 /* menu_sample.png */; };
		DF15B53C1762850600D27835 /* menu_sample@2x.png in Resources */ = {isa = PBXBuildFile; fileRef = DF15B53A1762850600D27835 /* menu_sample@2x.png */; };
		DF15B542176286B300D27835 /* start_fb_button.png in Resources */ = {isa = PBXBuildFile; fileRef = DF15B53E176286B300D27835 /* start_fb_button.png */; };
		DF15B543176286B300D27835 /* start_fb_button@2x.png in Resources */ = {isa = PBXBuildFile; fileRef = DF15B53F176286B300D27835 /* start_fb_button@2x.png */; };
		DF15B544176286B300D27835 /* start_sample.png in Resources */ = {isa = PBXBuildFile; fileRef = DF15B540176286B300D27835 /* start_sample.png */; };
		DF15B545176286B300D27835 /* start_sample@2x.png in Resources */ = {isa = PBXBuildFile; fileRef = DF15B541176286B300D27835 /* start_sample@2x.png */; };
		DF15B55117628D4200D27835 /* feed_cheer.png in Resources */ = {isa = PBXBuildFile; fileRef = DF15B54717628D4200D27835 /* feed_cheer.png */; };
		DF15B55217628D4200D27835 /* feed_cheer@2x.png in Resources */ = {isa = PBXBuildFile; fileRef = DF15B54817628D4200D27835 /* feed_cheer@2x.png */; };
		DF15B55317628D4200D27835 /* feed_cheer_hud.png in Resources */ = {isa = PBXBuildFile; fileRef = DF15B54917628D4200D27835 /* feed_cheer_hud.png */; };
		DF15B55417628D4200D27835 /* feed_cheer_hud@2x.png in Resources */ = {isa = PBXBuildFile; fileRef = DF15B54A17628D4200D27835 /* feed_cheer_hud@2x.png */; };
		DF15B55517628D4200D27835 /* feed_cheer_s.png in Resources */ = {isa = PBXBuildFile; fileRef = DF15B54B17628D4200D27835 /* feed_cheer_s.png */; };
		DF15B55617628D4200D27835 /* feed_cheer_s@2x.png in Resources */ = {isa = PBXBuildFile; fileRef = DF15B54C17628D4200D27835 /* feed_cheer_s@2x.png */; };
		DF15B55717628D4200D27835 /* feed_comment.png in Resources */ = {isa = PBXBuildFile; fileRef = DF15B54D17628D4200D27835 /* feed_comment.png */; };
		DF15B55817628D4200D27835 /* feed_comment@2x.png in Resources */ = {isa = PBXBuildFile; fileRef = DF15B54E17628D4200D27835 /* feed_comment@2x.png */; };
		DF15B55917628D4200D27835 /* feed_comment_s.png in Resources */ = {isa = PBXBuildFile; fileRef = DF15B54F17628D4200D27835 /* feed_comment_s.png */; };
		DF15B55A17628D4200D27835 /* feed_comment_s@2x.png in Resources */ = {isa = PBXBuildFile; fileRef = DF15B55017628D4200D27835 /* feed_comment_s@2x.png */; };
		DF15B55F1762912100D27835 /* feed_achive.png in Resources */ = {isa = PBXBuildFile; fileRef = DF15B55D1762912100D27835 /* feed_achive.png */; };
		DF15B5601762912100D27835 /* feed_achive@2x.png in Resources */ = {isa = PBXBuildFile; fileRef = DF15B55E1762912100D27835 /* feed_achive@2x.png */; };
		DF15B5631762962500D27835 /* featured_swipe_rsvp@2x.png in Resources */ = {isa = PBXBuildFile; fileRef = DF15B5611762962200D27835 /* featured_swipe_rsvp@2x.png */; };
		DF15B5641762962500D27835 /* featured_swipe_rsvp.png in Resources */ = {isa = PBXBuildFile; fileRef = DF15B5621762962300D27835 /* featured_swipe_rsvp.png */; };
/* End PBXBuildFile section */

/* Begin PBXFileReference section */
		DF15B3FF176219A900D27835 /* Cheerly.app */ = {isa = PBXFileReference; explicitFileType = wrapper.application; includeInIndex = 0; path = Cheerly.app; sourceTree = BUILT_PRODUCTS_DIR; };
		DF15B402176219A900D27835 /* UIKit.framework */ = {isa = PBXFileReference; lastKnownFileType = wrapper.framework; name = UIKit.framework; path = System/Library/Frameworks/UIKit.framework; sourceTree = SDKROOT; };
		DF15B404176219A900D27835 /* Foundation.framework */ = {isa = PBXFileReference; lastKnownFileType = wrapper.framework; name = Foundation.framework; path = System/Library/Frameworks/Foundation.framework; sourceTree = SDKROOT; };
		DF15B406176219A900D27835 /* CoreGraphics.framework */ = {isa = PBXFileReference; lastKnownFileType = wrapper.framework; name = CoreGraphics.framework; path = System/Library/Frameworks/CoreGraphics.framework; sourceTree = SDKROOT; };
		DF15B40A176219A900D27835 /* Cheerly-Info.plist */ = {isa = PBXFileReference; lastKnownFileType = text.plist.xml; path = "Cheerly-Info.plist"; sourceTree = "<group>"; };
		DF15B40C176219A900D27835 /* en */ = {isa = PBXFileReference; lastKnownFileType = text.plist.strings; name = en; path = en.lproj/InfoPlist.strings; sourceTree = "<group>"; };
		DF15B40E176219A900D27835 /* main.m */ = {isa = PBXFileReference; lastKnownFileType = sourcecode.c.objc; path = main.m; sourceTree = "<group>"; };
		DF15B410176219A900D27835 /* Cheerly-Prefix.pch */ = {isa = PBXFileReference; lastKnownFileType = sourcecode.c.h; path = "Cheerly-Prefix.pch"; sourceTree = "<group>"; };
		DF15B411176219A900D27835 /* AppDelegate.h */ = {isa = PBXFileReference; lastKnownFileType = sourcecode.c.h; name = AppDelegate.h; path = Cheerly/AppDelegate.h; sourceTree = "<group>"; };
		DF15B412176219A900D27835 /* AppDelegate.m */ = {isa = PBXFileReference; lastKnownFileType = sourcecode.c.objc; name = AppDelegate.m; path = Cheerly/AppDelegate.m; sourceTree = "<group>"; };
		DF15B41B176219A900D27835 /* en */ = {isa = PBXFileReference; lastKnownFileType = file.storyboard; name = en; path = en.lproj/MainStoryboard.storyboard; sourceTree = "<group>"; };
		DF15B42517621B8500D27835 /* Constants.h */ = {isa = PBXFileReference; fileEncoding = 4; lastKnownFileType = sourcecode.c.h; name = Constants.h; path = Cheerly/Constants.h; sourceTree = "<group>"; };
		DF15B42817621C7A00D27835 /* FacebookSDK.framework */ = {isa = PBXFileReference; lastKnownFileType = wrapper.framework; name = FacebookSDK.framework; path = Frameworks/FacebookSDK.framework; sourceTree = "<group>"; };
		DF15B42917621C7A00D27835 /* Parse.framework */ = {isa = PBXFileReference; lastKnownFileType = wrapper.framework; name = Parse.framework; path = Frameworks/Parse.framework; sourceTree = "<group>"; };
		DF15B42C17621C8300D27835 /* AudioToolbox.framework */ = {isa = PBXFileReference; lastKnownFileType = wrapper.framework; name = AudioToolbox.framework; path = System/Library/Frameworks/AudioToolbox.framework; sourceTree = SDKROOT; };
		DF15B42E17621C8800D27835 /* CFNetwork.framework */ = {isa = PBXFileReference; lastKnownFileType = wrapper.framework; name = CFNetwork.framework; path = System/Library/Frameworks/CFNetwork.framework; sourceTree = SDKROOT; };
		DF15B43017621C9500D27835 /* CoreLocation.framework */ = {isa = PBXFileReference; lastKnownFileType = wrapper.framework; name = CoreLocation.framework; path = System/Library/Frameworks/CoreLocation.framework; sourceTree = SDKROOT; };
		DF15B43217621C9C00D27835 /* libz.1.1.3.dylib */ = {isa = PBXFileReference; lastKnownFileType = "compiled.mach-o.dylib"; name = libz.1.1.3.dylib; path = usr/lib/libz.1.1.3.dylib; sourceTree = SDKROOT; };
		DF15B43417621CA300D27835 /* MobileCoreServices.framework */ = {isa = PBXFileReference; lastKnownFileType = wrapper.framework; name = MobileCoreServices.framework; path = System/Library/Frameworks/MobileCoreServices.framework; sourceTree = SDKROOT; };
		DF15B43617621CAB00D27835 /* QuartzCore.framework */ = {isa = PBXFileReference; lastKnownFileType = wrapper.framework; name = QuartzCore.framework; path = System/Library/Frameworks/QuartzCore.framework; sourceTree = SDKROOT; };
		DF15B43817621CB500D27835 /* Security.framework */ = {isa = PBXFileReference; lastKnownFileType = wrapper.framework; name = Security.framework; path = System/Library/Frameworks/Security.framework; sourceTree = SDKROOT; };
		DF15B43A17621CBC00D27835 /* StoreKit.framework */ = {isa = PBXFileReference; lastKnownFileType = wrapper.framework; name = StoreKit.framework; path = System/Library/Frameworks/StoreKit.framework; sourceTree = SDKROOT; };
		DF15B43C17621CC700D27835 /* SystemConfiguration.framework */ = {isa = PBXFileReference; lastKnownFileType = wrapper.framework; name = SystemConfiguration.framework; path = System/Library/Frameworks/SystemConfiguration.framework; sourceTree = SDKROOT; };
		DF15B43E17621D7E00D27835 /* libsqlite3.dylib */ = {isa = PBXFileReference; lastKnownFileType = "compiled.mach-o.dylib"; name = libsqlite3.dylib; path = usr/lib/libsqlite3.dylib; sourceTree = SDKROOT; };
		DF15B44017621D8500D27835 /* Accounts.framework */ = {isa = PBXFileReference; lastKnownFileType = wrapper.framework; name = Accounts.framework; path = System/Library/Frameworks/Accounts.framework; sourceTree = SDKROOT; };
		DF15B44217621D8A00D27835 /* AdSupport.framework */ = {isa = PBXFileReference; lastKnownFileType = wrapper.framework; name = AdSupport.framework; path = System/Library/Frameworks/AdSupport.framework; sourceTree = SDKROOT; };
		DF15B44C17621EBF00D27835 /* SplashVC.h */ = {isa = PBXFileReference; fileEncoding = 4; lastKnownFileType = sourcecode.c.h; name = SplashVC.h; path = Cheerly/SplashVC.h; sourceTree = "<group>"; };
		DF15B44D17621EBF00D27835 /* SplashVC.m */ = {isa = PBXFileReference; fileEncoding = 4; lastKnownFileType = sourcecode.c.objc; name = SplashVC.m; path = Cheerly/SplashVC.m; sourceTree = "<group>"; };
		DF15B4571762202000D27835 /* MBProgressHUD.h */ = {isa = PBXFileReference; fileEncoding = 4; lastKnownFileType = sourcecode.c.h; path = MBProgressHUD.h; sourceTree = "<group>"; };
		DF15B4581762202000D27835 /* MBProgressHUD.m */ = {isa = PBXFileReference; fileEncoding = 4; lastKnownFileType = sourcecode.c.objc; path = MBProgressHUD.m; sourceTree = "<group>"; };
		DF15B45B1762208E00D27835 /* JASidePanelController.h */ = {isa = PBXFileReference; fileEncoding = 4; lastKnownFileType = sourcecode.c.h; path = JASidePanelController.h; sourceTree = "<group>"; };
		DF15B45C1762208E00D27835 /* JASidePanelController.m */ = {isa = PBXFileReference; fileEncoding = 4; lastKnownFileType = sourcecode.c.objc; path = JASidePanelController.m; sourceTree = "<group>"; };
		DF15B45D1762208E00D27835 /* UIViewController+JASidePanel.h */ = {isa = PBXFileReference; fileEncoding = 4; lastKnownFileType = sourcecode.c.h; path = "UIViewController+JASidePanel.h"; sourceTree = "<group>"; };
		DF15B45E1762208E00D27835 /* UIViewController+JASidePanel.m */ = {isa = PBXFileReference; fileEncoding = 4; lastKnownFileType = sourcecode.c.objc; path = "UIViewController+JASidePanel.m"; sourceTree = "<group>"; };
		DF15B46D17622CEC00D27835 /* Social.framework */ = {isa = PBXFileReference; lastKnownFileType = wrapper.framework; name = Social.framework; path = System/Library/Frameworks/Social.framework; sourceTree = SDKROOT; };
		DF15B4811762373400D27835 /* NSDictionary+Null.h */ = {isa = PBXFileReference; fileEncoding = 4; lastKnownFileType = sourcecode.c.h; path = "NSDictionary+Null.h"; sourceTree = "<group>"; };
		DF15B4821762373400D27835 /* NSDictionary+Null.m */ = {isa = PBXFileReference; fileEncoding = 4; lastKnownFileType = sourcecode.c.objc; path = "NSDictionary+Null.m"; sourceTree = "<group>"; };
		DF15B4841762373400D27835 /* NSTimer+Blocks.h */ = {isa = PBXFileReference; fileEncoding = 4; lastKnownFileType = sourcecode.c.h; path = "NSTimer+Blocks.h"; sourceTree = "<group>"; };
		DF15B4851762373400D27835 /* NSTimer+Blocks.m */ = {isa = PBXFileReference; fileEncoding = 4; lastKnownFileType = sourcecode.c.objc; path = "NSTimer+Blocks.m"; sourceTree = "<group>"; };
		DF15B4871762373400D27835 /* UIButton+Block.h */ = {isa = PBXFileReference; fileEncoding = 4; lastKnownFileType = sourcecode.c.h; path = "UIButton+Block.h"; sourceTree = "<group>"; };
		DF15B4881762373400D27835 /* UIButton+Block.m */ = {isa = PBXFileReference; fileEncoding = 4; lastKnownFileType = sourcecode.c.objc; path = "UIButton+Block.m"; sourceTree = "<group>"; };
		DF15B48C1762391B00D27835 /* Colors.h */ = {isa = PBXFileReference; fileEncoding = 4; lastKnownFileType = sourcecode.c.h; name = Colors.h; path = Cheerly/Colors.h; sourceTree = "<group>"; };
		DF15B48D1762391B00D27835 /* Colors.m */ = {isa = PBXFileReference; fileEncoding = 4; lastKnownFileType = sourcecode.c.objc; name = Colors.m; path = Cheerly/Colors.m; sourceTree = "<group>"; };
		DF15B48F1762392800D27835 /* DesignHelper.h */ = {isa = PBXFileReference; fileEncoding = 4; lastKnownFileType = sourcecode.c.h; name = DesignHelper.h; path = Cheerly/DesignHelper.h; sourceTree = "<group>"; };
		DF15B4901762392800D27835 /* DesignHelper.m */ = {isa = PBXFileReference; fileEncoding = 4; lastKnownFileType = sourcecode.c.objc; name = DesignHelper.m; path = Cheerly/DesignHelper.m; sourceTree = "<group>"; };
		DF15B4911762392800D27835 /* Font.h */ = {isa = PBXFileReference; fileEncoding = 4; lastKnownFileType = sourcecode.c.h; name = Font.h; path = Cheerly/Font.h; sourceTree = "<group>"; };
		DF15B4921762392800D27835 /* Font.m */ = {isa = PBXFileReference; fileEncoding = 4; lastKnownFileType = sourcecode.c.objc; name = Font.m; path = Cheerly/Font.m; sourceTree = "<group>"; };
		DF15B4951762393100D27835 /* Post.h */ = {isa = PBXFileReference; fileEncoding = 4; lastKnownFileType = sourcecode.c.h; name = Post.h; path = Cheerly/Post.h; sourceTree = "<group>"; };
		DF15B4961762393100D27835 /* Post.m */ = {isa = PBXFileReference; fileEncoding = 4; lastKnownFileType = sourcecode.c.objc; name = Post.m; path = Cheerly/Post.m; sourceTree = "<group>"; };
		DF15B4981762393C00D27835 /* FeedVC.h */ = {isa = PBXFileReference; fileEncoding = 4; lastKnownFileType = sourcecode.c.h; name = FeedVC.h; path = Cheerly/FeedVC.h; sourceTree = "<group>"; };
		DF15B4991762393C00D27835 /* FeedVC.m */ = {isa = PBXFileReference; fileEncoding = 4; lastKnownFileType = sourcecode.c.objc; name = FeedVC.m; path = Cheerly/FeedVC.m; sourceTree = "<group>"; };
		DF15B49A1762393C00D27835 /* MenuVC.h */ = {isa = PBXFileReference; fileEncoding = 4; lastKnownFileType = sourcecode.c.h; name = MenuVC.h; path = Cheerly/MenuVC.h; sourceTree = "<group>"; };
		DF15B49B1762393D00D27835 /* MenuVC.m */ = {isa = PBXFileReference; fileEncoding = 4; lastKnownFileType = sourcecode.c.objc; name = MenuVC.m; path = Cheerly/MenuVC.m; sourceTree = "<group>"; };
		DF15B49C1762393D00D27835 /* NewPostVC.h */ = {isa = PBXFileReference; fileEncoding = 4; lastKnownFileType = sourcecode.c.h; name = NewPostVC.h; path = Cheerly/NewPostVC.h; sourceTree = "<group>"; };
		DF15B49D1762393D00D27835 /* NewPostVC.m */ = {isa = PBXFileReference; fileEncoding = 4; lastKnownFileType = sourcecode.c.objc; name = NewPostVC.m; path = Cheerly/NewPostVC.m; sourceTree = "<group>"; };
		DF15B4A11762395100D27835 /* StartVC.h */ = {isa = PBXFileReference; fileEncoding = 4; lastKnownFileType = sourcecode.c.h; name = StartVC.h; path = Cheerly/StartVC.h; sourceTree = "<group>"; };
		DF15B4A21762395100D27835 /* StartVC.m */ = {isa = PBXFileReference; fileEncoding = 4; lastKnownFileType = sourcecode.c.objc; name = StartVC.m; path = Cheerly/StartVC.m; sourceTree = "<group>"; };
		DF15B4A51762399600D27835 /* nil.png */ = {isa = PBXFileReference; lastKnownFileType = image.png; path = nil.png; sourceTree = "<group>"; };
		DF15B4A61762399600D27835 /* nil@2x.png */ = {isa = PBXFileReference; lastKnownFileType = image.png; path = "nil@2x.png"; sourceTree = "<group>"; };
		DF15B4AA17623C2E00D27835 /* BlockActionSheet.h */ = {isa = PBXFileReference; fileEncoding = 4; lastKnownFileType = sourcecode.c.h; path = BlockActionSheet.h; sourceTree = "<group>"; };
		DF15B4AB17623C2E00D27835 /* BlockActionSheet.m */ = {isa = PBXFileReference; fileEncoding = 4; lastKnownFileType = sourcecode.c.objc; path = BlockActionSheet.m; sourceTree = "<group>"; };
		DF15B4AC17623C2E00D27835 /* BlockBackground.h */ = {isa = PBXFileReference; fileEncoding = 4; lastKnownFileType = sourcecode.c.h; path = BlockBackground.h; sourceTree = "<group>"; };
		DF15B4AD17623C2E00D27835 /* BlockBackground.m */ = {isa = PBXFileReference; fileEncoding = 4; lastKnownFileType = sourcecode.c.objc; path = BlockBackground.m; sourceTree = "<group>"; };
		DF15B4B217623CC700D27835 /* nav_logo.png */ = {isa = PBXFileReference; lastKnownFileType = image.png; path = nav_logo.png; sourceTree = "<group>"; };
		DF15B4B317623CC700D27835 /* nav_logo@2x.png */ = {isa = PBXFileReference; lastKnownFileType = image.png; path = "nav_logo@2x.png"; sourceTree = "<group>"; };
		DF15B4B417623CC700D27835 /* nav_slidebutton.png */ = {isa = PBXFileReference; lastKnownFileType = image.png; path = nav_slidebutton.png; sourceTree = "<group>"; };
		DF15B4B517623CC700D27835 /* nav_slidebutton@2x.png */ = {isa = PBXFileReference; lastKnownFileType = image.png; path = "nav_slidebutton@2x.png"; sourceTree = "<group>"; };
		DF15B4B617623CC700D27835 /* navbar.png */ = {isa = PBXFileReference; lastKnownFileType = image.png; path = navbar.png; sourceTree = "<group>"; };
		DF15B4B717623CC700D27835 /* navbar@2x.png */ = {isa = PBXFileReference; lastKnownFileType = image.png; path = "navbar@2x.png"; sourceTree = "<group>"; };
		DF15B4BE17623E1C00D27835 /* newpost.png */ = {isa = PBXFileReference; lastKnownFileType = image.png; path = newpost.png; sourceTree = "<group>"; };
		DF15B4BF17623E1C00D27835 /* newpost@2x.png */ = {isa = PBXFileReference; lastKnownFileType = image.png; path = "newpost@2x.png"; sourceTree = "<group>"; };
		DF15B4C21762414400D27835 /* icon57.png */ = {isa = PBXFileReference; lastKnownFileType = image.png; name = icon57.png; path = ../icon57.png; sourceTree = "<group>"; };
		DF15B4C41762414800D27835 /* icon114.png */ = {isa = PBXFileReference; lastKnownFileType = image.png; name = icon114.png; path = ../icon114.png; sourceTree = "<group>"; };
		DF15B4C61762432200D27835 /* Default.png */ = {isa = PBXFileReference; lastKnownFileType = image.png; name = Default.png; path = ../Default.png; sourceTree = "<group>"; };
		DF15B4C8176243CE00D27835 /* Default-568h@2x.png */ = {isa = PBXFileReference; lastKnownFileType = image.png; name = "Default-568h@2x.png"; path = "../Default-568h@2x.png"; sourceTree = "<group>"; };
		DF15B4CA176243D500D27835 /* Default@2x.png */ = {isa = PBXFileReference; lastKnownFileType = image.png; name = "Default@2x.png"; path = "../Default@2x.png"; sourceTree = "<group>"; };
		DF15B4CC1762492600D27835 /* navbar_back.png */ = {isa = PBXFileReference; lastKnownFileType = image.png; path = navbar_back.png; sourceTree = "<group>"; };
		DF15B4CD1762492600D27835 /* navbar_back@2x.png */ = {isa = PBXFileReference; lastKnownFileType = image.png; path = "navbar_back@2x.png"; sourceTree = "<group>"; };
		DF15B4CE1762492600D27835 /* navbar_cancel.png */ = {isa = PBXFileReference; lastKnownFileType = image.png; path = navbar_cancel.png; sourceTree = "<group>"; };
		DF15B4CF1762492600D27835 /* navbar_cancel@2x.png */ = {isa = PBXFileReference; lastKnownFileType = image.png; path = "navbar_cancel@2x.png"; sourceTree = "<group>"; };
		DF15B4D517624B2E00D27835 /* orange_button.png */ = {isa = PBXFileReference; lastKnownFileType = image.png; path = orange_button.png; sourceTree = "<group>"; };
		DF15B4D617624B2E00D27835 /* orange_button@2x.png */ = {isa = PBXFileReference; lastKnownFileType = image.png; path = "orange_button@2x.png"; sourceTree = "<group>"; };
		DF15B4D917624C9E00D27835 /* gray_button.png */ = {isa = PBXFileReference; lastKnownFileType = image.png; path = gray_button.png; sourceTree = "<group>"; };
		DF15B4DA17624C9E00D27835 /* gray_button@2x.png */ = {isa = PBXFileReference; lastKnownFileType = image.png; path = "gray_button@2x.png"; sourceTree = "<group>"; };
		DF15B4DD176250FD00D27835 /* UserFollow.h */ = {isa = PBXFileReference; fileEncoding = 4; lastKnownFileType = sourcecode.c.h; path = UserFollow.h; sourceTree = "<group>"; };
		DF15B4DE176250FD00D27835 /* UserFollow.m */ = {isa = PBXFileReference; fileEncoding = 4; lastKnownFileType = sourcecode.c.objc; path = UserFollow.m; sourceTree = "<group>"; };
		DF15B4E01762519E00D27835 /* UserVC.h */ = {isa = PBXFileReference; fileEncoding = 4; lastKnownFileType = sourcecode.c.h; path = UserVC.h; sourceTree = "<group>"; };
		DF15B4E11762519E00D27835 /* UserVC.m */ = {isa = PBXFileReference; fileEncoding = 4; lastKnownFileType = sourcecode.c.objc; path = UserVC.m; sourceTree = "<group>"; };
		DF15B4E7176252FA00D27835 /* NSTimer+Blocks.h */ = {isa = PBXFileReference; fileEncoding = 4; lastKnownFileType = sourcecode.c.h; path = "NSTimer+Blocks.h"; sourceTree = "<group>"; };
		DF15B4E8176252FA00D27835 /* NSTimer+Blocks.m */ = {isa = PBXFileReference; fileEncoding = 4; lastKnownFileType = sourcecode.c.objc; path = "NSTimer+Blocks.m"; sourceTree = "<group>"; };
		DF15B4EB1762531000D27835 /* SDImageCache.h */ = {isa = PBXFileReference; fileEncoding = 4; lastKnownFileType = sourcecode.c.h; path = SDImageCache.h; sourceTree = "<group>"; };
		DF15B4EC1762531000D27835 /* SDImageCache.m */ = {isa = PBXFileReference; fileEncoding = 4; lastKnownFileType = sourcecode.c.objc; path = SDImageCache.m; sourceTree = "<group>"; };
		DF15B4ED1762531000D27835 /* SDImageCacheDelegate.h */ = {isa = PBXFileReference; fileEncoding = 4; lastKnownFileType = sourcecode.c.h; path = SDImageCacheDelegate.h; sourceTree = "<group>"; };
		DF15B4EE1762531000D27835 /* SDWebImageCompat.h */ = {isa = PBXFileReference; fileEncoding = 4; lastKnownFileType = sourcecode.c.h; path = SDWebImageCompat.h; sourceTree = "<group>"; };
		DF15B4EF1762531000D27835 /* SDWebImageDecoder.h */ = {isa = PBXFileReference; fileEncoding = 4; lastKnownFileType = sourcecode.c.h; path = SDWebImageDecoder.h; sourceTree = "<group>"; };
		DF15B4F01762531000D27835 /* SDWebImageDecoder.m */ = {isa = PBXFileReference; fileEncoding = 4; lastKnownFileType = sourcecode.c.objc; path = SDWebImageDecoder.m; sourceTree = "<group>"; };
		DF15B4F11762531000D27835 /* SDWebImageDownloader.h */ = {isa = PBXFileReference; fileEncoding = 4; lastKnownFileType = sourcecode.c.h; path = SDWebImageDownloader.h; sourceTree = "<group>"; };
		DF15B4F21762531000D27835 /* SDWebImageDownloader.m */ = {isa = PBXFileReference; fileEncoding = 4; lastKnownFileType = sourcecode.c.objc; path = SDWebImageDownloader.m; sourceTree = "<group>"; };
		DF15B4F31762531000D27835 /* SDWebImageDownloaderDelegate.h */ = {isa = PBXFileReference; fileEncoding = 4; lastKnownFileType = sourcecode.c.h; path = SDWebImageDownloaderDelegate.h; sourceTree = "<group>"; };
		DF15B4F41762531000D27835 /* SDWebImageManager.h */ = {isa = PBXFileReference; fileEncoding = 4; lastKnownFileType = sourcecode.c.h; path = SDWebImageManager.h; sourceTree = "<group>"; };
		DF15B4F51762531100D27835 /* SDWebImageManager.m */ = {isa = PBXFileReference; fileEncoding = 4; lastKnownFileType = sourcecode.c.objc; path = SDWebImageManager.m; sourceTree = "<group>"; };
		DF15B4F61762531100D27835 /* SDWebImageManagerDelegate.h */ = {isa = PBXFileReference; fileEncoding = 4; lastKnownFileType = sourcecode.c.h; path = SDWebImageManagerDelegate.h; sourceTree = "<group>"; };
		DF15B4F71762531100D27835 /* SDWebImagePrefetcher.h */ = {isa = PBXFileReference; fileEncoding = 4; lastKnownFileType = sourcecode.c.h; path = SDWebImagePrefetcher.h; sourceTree = "<group>"; };
		DF15B4F81762531100D27835 /* SDWebImagePrefetcher.m */ = {isa = PBXFileReference; fileEncoding = 4; lastKnownFileType = sourcecode.c.objc; path = SDWebImagePrefetcher.m; sourceTree = "<group>"; };
		DF15B4F91762531100D27835 /* UIButton+WebCache.h */ = {isa = PBXFileReference; fileEncoding = 4; lastKnownFileType = sourcecode.c.h; path = "UIButton+WebCache.h"; sourceTree = "<group>"; };
		DF15B4FA1762531100D27835 /* UIButton+WebCache.m */ = {isa = PBXFileReference; fileEncoding = 4; lastKnownFileType = sourcecode.c.objc; path = "UIButton+WebCache.m"; sourceTree = "<group>"; };
		DF15B4FB1762531100D27835 /* UIImageView+WebCache.h */ = {isa = PBXFileReference; fileEncoding = 4; lastKnownFileType = sourcecode.c.h; path = "UIImageView+WebCache.h"; sourceTree = "<group>"; };
		DF15B4FC1762531100D27835 /* UIImageView+WebCache.m */ = {isa = PBXFileReference; fileEncoding = 4; lastKnownFileType = sourcecode.c.objc; path = "UIImageView+WebCache.m"; sourceTree = "<group>"; };
		DF15B5051762540B00D27835 /* newpost_placeholder.png */ = {isa = PBXFileReference; lastKnownFileType = image.png; path = newpost_placeholder.png; sourceTree = "<group>"; };
		DF15B5061762540B00D27835 /* newpost_placeholder@2x.png */ = {isa = PBXFileReference; lastKnownFileType = image.png; path = "newpost_placeholder@2x.png"; sourceTree = "<group>"; };
		DF15B50917625ACC00D27835 /* light_button.png */ = {isa = PBXFileReference; lastKnownFileType = image.png; path = light_button.png; sourceTree = "<group>"; };
		DF15B50A17625ACC00D27835 /* light_button@2x.png */ = {isa = PBXFileReference; lastKnownFileType = image.png; path = "light_button@2x.png"; sourceTree = "<group>"; };
		DF15B51017625E6100D27835 /* nav_button_back_orange.png */ = {isa = PBXFileReference; lastKnownFileType = image.png; path = nav_button_back_orange.png; sourceTree = "<group>"; };
		DF15B51117625E6100D27835 /* nav_button_back_orange@2x.png */ = {isa = PBXFileReference; lastKnownFileType = image.png; path = "nav_button_back_orange@2x.png"; sourceTree = "<group>"; };
		DF15B51217625E6100D27835 /* nav_button_orange.png */ = {isa = PBXFileReference; lastKnownFileType = image.png; path = nav_button_orange.png; sourceTree = "<group>"; };
		DF15B51317625E6100D27835 /* nav_button_orange@2x.png */ = {isa = PBXFileReference; lastKnownFileType = image.png; path = "nav_button_orange@2x.png"; sourceTree = "<group>"; };
		DF15B51C17626BC500D27835 /* ABFlatSwitch.h */ = {isa = PBXFileReference; fileEncoding = 4; lastKnownFileType = sourcecode.c.h; path = ABFlatSwitch.h; sourceTree = "<group>"; };
		DF15B51D17626BC500D27835 /* ABFlatSwitch.m */ = {isa = PBXFileReference; fileEncoding = 4; lastKnownFileType = sourcecode.c.objc; path = ABFlatSwitch.m; sourceTree = "<group>"; };
		DF15B51E17626BC500D27835 /* ABFlatSwitchKnobLayer.h */ = {isa = PBXFileReference; fileEncoding = 4; lastKnownFileType = sourcecode.c.h; path = ABFlatSwitchKnobLayer.h; sourceTree = "<group>"; };
		DF15B51F17626BC500D27835 /* ABFlatSwitchKnobLayer.m */ = {isa = PBXFileReference; fileEncoding = 4; lastKnownFileType = sourcecode.c.objc; path = ABFlatSwitchKnobLayer.m; sourceTree = "<group>"; };
		DF15B52017626BC500D27835 /* ABFlatSwitchToggleLayer.h */ = {isa = PBXFileReference; fileEncoding = 4; lastKnownFileType = sourcecode.c.h; path = ABFlatSwitchToggleLayer.h; sourceTree = "<group>"; };
		DF15B52117626BC500D27835 /* ABFlatSwitchToggleLayer.m */ = {isa = PBXFileReference; fileEncoding = 4; lastKnownFileType = sourcecode.c.objc; path = ABFlatSwitchToggleLayer.m; sourceTree = "<group>"; };
		DF15B52817626F9A00D27835 /* HPGrowingTextView.h */ = {isa = PBXFileReference; fileEncoding = 4; lastKnownFileType = sourcecode.c.h; path = HPGrowingTextView.h; sourceTree = "<group>"; };
		DF15B52917626F9A00D27835 /* HPGrowingTextView.m */ = {isa = PBXFileReference; fileEncoding = 4; lastKnownFileType = sourcecode.c.objc; path = HPGrowingTextView.m; sourceTree = "<group>"; };
		DF15B52A17626F9A00D27835 /* HPTextViewInternal.h */ = {isa = PBXFileReference; fileEncoding = 4; lastKnownFileType = sourcecode.c.h; path = HPTextViewInternal.h; sourceTree = "<group>"; };
		DF15B52B17626F9A00D27835 /* HPTextViewInternal.m */ = {isa = PBXFileReference; fileEncoding = 4; lastKnownFileType = sourcecode.c.objc; path = HPTextViewInternal.m; sourceTree = "<group>"; };
		DF15B52F1762754100D27835 /* PostCell.h */ = {isa = PBXFileReference; fileEncoding = 4; lastKnownFileType = sourcecode.c.h; path = PostCell.h; sourceTree = "<group>"; };
		DF15B5301762754200D27835 /* PostCell.m */ = {isa = PBXFileReference; fileEncoding = 4; lastKnownFileType = sourcecode.c.objc; path = PostCell.m; sourceTree = "<group>"; };
		DF15B5321762760300D27835 /* avatar.png */ = {isa = PBXFileReference; lastKnownFileType = image.png; path = avatar.png; sourceTree = "<group>"; };
		DF15B5331762760300D27835 /* avatar@2x.png */ = {isa = PBXFileReference; lastKnownFileType = image.png; path = "avatar@2x.png"; sourceTree = "<group>"; };
		DF15B5361762815C00D27835 /* AppHelper.h */ = {isa = PBXFileReference; fileEncoding = 4; lastKnownFileType = sourcecode.c.h; path = AppHelper.h; sourceTree = "<group>"; };
		DF15B5371762815C00D27835 /* AppHelper.m */ = {isa = PBXFileReference; fileEncoding = 4; lastKnownFileType = sourcecode.c.objc; path = AppHelper.m; sourceTree = "<group>"; };
		DF15B5391762850600D27835 /* menu_sample.png */ = {isa = PBXFileReference; lastKnownFileType = image.png; path = menu_sample.png; sourceTree = "<group>"; };
		DF15B53A1762850600D27835 /* menu_sample@2x.png */ = {isa = PBXFileReference; lastKnownFileType = image.png; path = "menu_sample@2x.png"; sourceTree = "<group>"; };
		DF15B53E176286B300D27835 /* start_fb_button.png */ = {isa = PBXFileReference; lastKnownFileType = image.png; path = start_fb_button.png; sourceTree = "<group>"; };
		DF15B53F176286B300D27835 /* start_fb_button@2x.png */ = {isa = PBXFileReference; lastKnownFileType = image.png; path = "start_fb_button@2x.png"; sourceTree = "<group>"; };
		DF15B540176286B300D27835 /* start_sample.png */ = {isa = PBXFileReference; lastKnownFileType = image.png; path = start_sample.png; sourceTree = "<group>"; };
		DF15B541176286B300D27835 /* start_sample@2x.png */ = {isa = PBXFileReference; lastKnownFileType = image.png; path = "start_sample@2x.png"; sourceTree = "<group>"; };
		DF15B54717628D4200D27835 /* feed_cheer.png */ = {isa = PBXFileReference; lastKnownFileType = image.png; path = feed_cheer.png; sourceTree = "<group>"; };
		DF15B54817628D4200D27835 /* feed_cheer@2x.png */ = {isa = PBXFileReference; lastKnownFileType = image.png; path = "feed_cheer@2x.png"; sourceTree = "<group>"; };
		DF15B54917628D4200D27835 /* feed_cheer_hud.png */ = {isa = PBXFileReference; lastKnownFileType = image.png; path = feed_cheer_hud.png; sourceTree = "<group>"; };
		DF15B54A17628D4200D27835 /* feed_cheer_hud@2x.png */ = {isa = PBXFileReference; lastKnownFileType = image.png; path = "feed_cheer_hud@2x.png"; sourceTree = "<group>"; };
		DF15B54B17628D4200D27835 /* feed_cheer_s.png */ = {isa = PBXFileReference; lastKnownFileType = image.png; path = feed_cheer_s.png; sourceTree = "<group>"; };
		DF15B54C17628D4200D27835 /* feed_cheer_s@2x.png */ = {isa = PBXFileReference; lastKnownFileType = image.png; path = "feed_cheer_s@2x.png"; sourceTree = "<group>"; };
		DF15B54D17628D4200D27835 /* feed_comment.png */ = {isa = PBXFileReference; lastKnownFileType = image.png; path = feed_comment.png; sourceTree = "<group>"; };
		DF15B54E17628D4200D27835 /* feed_comment@2x.png */ = {isa = PBXFileReference; lastKnownFileType = image.png; path = "feed_comment@2x.png"; sourceTree = "<group>"; };
		DF15B54F17628D4200D27835 /* feed_comment_s.png */ = {isa = PBXFileReference; lastKnownFileType = image.png; path = feed_comment_s.png; sourceTree = "<group>"; };
		DF15B55017628D4200D27835 /* feed_comment_s@2x.png */ = {isa = PBXFileReference; lastKnownFileType = image.png; path = "feed_comment_s@2x.png"; sourceTree = "<group>"; };
		DF15B55D1762912100D27835 /* feed_achive.png */ = {isa = PBXFileReference; lastKnownFileType = image.png; path = feed_achive.png; sourceTree = "<group>"; };
		DF15B55E1762912100D27835 /* feed_achive@2x.png */ = {isa = PBXFileReference; lastKnownFileType = image.png; path = "feed_achive@2x.png"; sourceTree = "<group>"; };
		DF15B5611762962200D27835 /* featured_swipe_rsvp@2x.png */ = {isa = PBXFileReference; lastKnownFileType = image.png; path = "featured_swipe_rsvp@2x.png"; sourceTree = "<group>"; };
		DF15B5621762962300D27835 /* featured_swipe_rsvp.png */ = {isa = PBXFileReference; lastKnownFileType = image.png; path = featured_swipe_rsvp.png; sourceTree = "<group>"; };
/* End PBXFileReference section */

/* Begin PBXFrameworksBuildPhase section */
		DF15B3FC176219A900D27835 /* Frameworks */ = {
			isa = PBXFrameworksBuildPhase;
			buildActionMask = 2147483647;
			files = (
				DF15B46E17622CEC00D27835 /* Social.framework in Frameworks */,
				DF15B44317621D8A00D27835 /* AdSupport.framework in Frameworks */,
				DF15B44117621D8500D27835 /* Accounts.framework in Frameworks */,
				DF15B43F17621D7E00D27835 /* libsqlite3.dylib in Frameworks */,
				DF15B43D17621CC700D27835 /* SystemConfiguration.framework in Frameworks */,
				DF15B43B17621CBC00D27835 /* StoreKit.framework in Frameworks */,
				DF15B43917621CB500D27835 /* Security.framework in Frameworks */,
				DF15B43717621CAB00D27835 /* QuartzCore.framework in Frameworks */,
				DF15B43517621CA300D27835 /* MobileCoreServices.framework in Frameworks */,
				DF15B43317621C9C00D27835 /* libz.1.1.3.dylib in Frameworks */,
				DF15B43117621C9500D27835 /* CoreLocation.framework in Frameworks */,
				DF15B407176219A900D27835 /* CoreGraphics.framework in Frameworks */,
				DF15B42F17621C8800D27835 /* CFNetwork.framework in Frameworks */,
				DF15B42D17621C8300D27835 /* AudioToolbox.framework in Frameworks */,
				DF15B403176219A900D27835 /* UIKit.framework in Frameworks */,
				DF15B405176219A900D27835 /* Foundation.framework in Frameworks */,
				DF15B42A17621C7A00D27835 /* FacebookSDK.framework in Frameworks */,
				DF15B42B17621C7A00D27835 /* Parse.framework in Frameworks */,
			);
			runOnlyForDeploymentPostprocessing = 0;
		};
/* End PBXFrameworksBuildPhase section */

/* Begin PBXGroup section */
		DF15B3F6176219A900D27835 = {
			isa = PBXGroup;
			children = (
				DF15B41A176219A900D27835 /* MainStoryboard.storyboard */,
				DF15B5611762962200D27835 /* featured_swipe_rsvp@2x.png */,
				DF15B5621762962300D27835 /* featured_swipe_rsvp.png */,
				DF15B44617621E2D00D27835 /* Assets */,
				DF15B44717621E3300D27835 /* Helpers */,
				DF15B44817621E3800D27835 /* Models */,
				DF15B44917621E3D00D27835 /* View Controllers */,
			);
			sourceTree = "<group>";
		};
		DF15B400176219A900D27835 /* Products */ = {
			isa = PBXGroup;
			children = (
				DF15B3FF176219A900D27835 /* Cheerly.app */,
			);
			name = Products;
			sourceTree = "<group>";
		};
		DF15B401176219A900D27835 /* Frameworks */ = {
			isa = PBXGroup;
			children = (
				DF15B46D17622CEC00D27835 /* Social.framework */,
				DF15B43E17621D7E00D27835 /* libsqlite3.dylib */,
				DF15B43217621C9C00D27835 /* libz.1.1.3.dylib */,
				DF15B44217621D8A00D27835 /* AdSupport.framework */,
				DF15B44017621D8500D27835 /* Accounts.framework */,
				DF15B43017621C9500D27835 /* CoreLocation.framework */,
				DF15B42E17621C8800D27835 /* CFNetwork.framework */,
				DF15B42C17621C8300D27835 /* AudioToolbox.framework */,
				DF15B43C17621CC700D27835 /* SystemConfiguration.framework */,
				DF15B43A17621CBC00D27835 /* StoreKit.framework */,
				DF15B43817621CB500D27835 /* Security.framework */,
				DF15B43617621CAB00D27835 /* QuartzCore.framework */,
				DF15B43417621CA300D27835 /* MobileCoreServices.framework */,
				DF15B42817621C7A00D27835 /* FacebookSDK.framework */,
				DF15B42917621C7A00D27835 /* Parse.framework */,
				DF15B402176219A900D27835 /* UIKit.framework */,
				DF15B404176219A900D27835 /* Foundation.framework */,
				DF15B406176219A900D27835 /* CoreGraphics.framework */,
			);
			name = Frameworks;
			sourceTree = "<group>";
		};
		DF15B409176219A900D27835 /* Supporting Files */ = {
			isa = PBXGroup;
			children = (
				DF15B4CA176243D500D27835 /* Default@2x.png */,
				DF15B4C8176243CE00D27835 /* Default-568h@2x.png */,
				DF15B4C61762432200D27835 /* Default.png */,
				DF15B4C41762414800D27835 /* icon114.png */,
				DF15B4C21762414400D27835 /* icon57.png */,
				DF15B40A176219A900D27835 /* Cheerly-Info.plist */,
				DF15B40B176219A900D27835 /* InfoPlist.strings */,
				DF15B40E176219A900D27835 /* main.m */,
				DF15B410176219A900D27835 /* Cheerly-Prefix.pch */,
			);
			name = "Supporting Files";
			path = Cheerly;
			sourceTree = "<group>";
		};
		DF15B44617621E2D00D27835 /* Assets */ = {
			isa = PBXGroup;
			children = (
				DF15B411176219A900D27835 /* AppDelegate.h */,
				DF15B412176219A900D27835 /* AppDelegate.m */,
				DF15B52E1762753000D27835 /* TableViewCells */,
				DF15B44A17621E7300D27835 /* Graphics */,
				DF15B44B17621E7D00D27835 /* Controls */,
				DF15B401176219A900D27835 /* Frameworks */,
				DF15B409176219A900D27835 /* Supporting Files */,
				DF15B400176219A900D27835 /* Products */,
			);
			name = Assets;
			sourceTree = "<group>";
		};
		DF15B44717621E3300D27835 /* Helpers */ = {
			isa = PBXGroup;
			children = (
				DF15B42517621B8500D27835 /* Constants.h */,
				DF15B5361762815C00D27835 /* AppHelper.h */,
				DF15B5371762815C00D27835 /* AppHelper.m */,
				DF15B48C1762391B00D27835 /* Colors.h */,
				DF15B48D1762391B00D27835 /* Colors.m */,
				DF15B48F1762392800D27835 /* DesignHelper.h */,
				DF15B4901762392800D27835 /* DesignHelper.m */,
				DF15B4911762392800D27835 /* Font.h */,
				DF15B4921762392800D27835 /* Font.m */,
			);
			name = Helpers;
			sourceTree = "<group>";
		};
		DF15B44817621E3800D27835 /* Models */ = {
			isa = PBXGroup;
			children = (
				DF15B4951762393100D27835 /* Post.h */,
				DF15B4961762393100D27835 /* Post.m */,
				DF15B4DD176250FD00D27835 /* UserFollow.h */,
				DF15B4DE176250FD00D27835 /* UserFollow.m */,
			);
			name = Models;
			sourceTree = "<group>";
		};
		DF15B44917621E3D00D27835 /* View Controllers */ = {
			isa = PBXGroup;
			children = (
				DF15B49A1762393C00D27835 /* MenuVC.h */,
				DF15B49B1762393D00D27835 /* MenuVC.m */,
				DF15B4981762393C00D27835 /* FeedVC.h */,
				DF15B4991762393C00D27835 /* FeedVC.m */,
				DF15B4E01762519E00D27835 /* UserVC.h */,
				DF15B4E11762519E00D27835 /* UserVC.m */,
				DF15B47C1762365A00D27835 /* New Post */,
				DF15B464176220B200D27835 /* Start */,
			);
			name = "View Controllers";
			sourceTree = "<group>";
		};
		DF15B44A17621E7300D27835 /* Graphics */ = {
			isa = PBXGroup;
			children = (
				DF15B4D417624B2E00D27835 /* Buttons */,
				DF15B54617628D4200D27835 /* Feed */,
				DF15B4A41762399600D27835 /* General */,
				DF15B4B117623CC700D27835 /* NavBar */,
				DF15B5041762540A00D27835 /* New Post */,
				DF15B53D176286B300D27835 /* Start */,
			);
			name = Graphics;
			sourceTree = "<group>";
		};
		DF15B44B17621E7D00D27835 /* Controls */ = {
			isa = PBXGroup;
			children = (
				DF15B51B17626BC500D27835 /* ABFlatSwitch */,
				DF15B4A917623C2D00D27835 /* BlockAlerts */,
				DF15B52717626F9A00D27835 /* HPGrowingTextView */,
				DF15B45A1762208E00D27835 /* JASidePanelController */,
				DF15B4561762202000D27835 /* MBProgressHUD */,
				DF15B4801762373400D27835 /* NSDictionary+Null */,
				DF15B4831762373400D27835 /* NSTimer+Blocks */,
				DF15B4E6176252FA00D27835 /* NSTimer+Blocks */,
				DF15B4EA1762531000D27835 /* SDWebImage */,
				DF15B4861762373400D27835 /* UIButton+Block */,
			);
			name = Controls;
			sourceTree = "<group>";
		};
		DF15B4561762202000D27835 /* MBProgressHUD */ = {
			isa = PBXGroup;
			children = (
				DF15B4571762202000D27835 /* MBProgressHUD.h */,
				DF15B4581762202000D27835 /* MBProgressHUD.m */,
			);
			name = MBProgressHUD;
			path = Controls/MBProgressHUD;
			sourceTree = "<group>";
		};
		DF15B45A1762208E00D27835 /* JASidePanelController */ = {
			isa = PBXGroup;
			children = (
				DF15B45B1762208E00D27835 /* JASidePanelController.h */,
				DF15B45C1762208E00D27835 /* JASidePanelController.m */,
				DF15B45D1762208E00D27835 /* UIViewController+JASidePanel.h */,
				DF15B45E1762208E00D27835 /* UIViewController+JASidePanel.m */,
			);
			name = JASidePanelController;
			path = Controls/JASidePanelController;
			sourceTree = "<group>";
		};
		DF15B464176220B200D27835 /* Start */ = {
			isa = PBXGroup;
			children = (
				DF15B44C17621EBF00D27835 /* SplashVC.h */,
				DF15B44D17621EBF00D27835 /* SplashVC.m */,
				DF15B4A11762395100D27835 /* StartVC.h */,
				DF15B4A21762395100D27835 /* StartVC.m */,
			);
			name = Start;
			sourceTree = "<group>";
		};
		DF15B47C1762365A00D27835 /* New Post */ = {
			isa = PBXGroup;
			children = (
				DF15B49C1762393D00D27835 /* NewPostVC.h */,
				DF15B49D1762393D00D27835 /* NewPostVC.m */,
			);
			name = "New Post";
			sourceTree = "<group>";
		};
		DF15B4801762373400D27835 /* NSDictionary+Null */ = {
			isa = PBXGroup;
			children = (
				DF15B4811762373400D27835 /* NSDictionary+Null.h */,
				DF15B4821762373400D27835 /* NSDictionary+Null.m */,
			);
			name = "NSDictionary+Null";
			path = "Controls/NSDictionary+Null";
			sourceTree = "<group>";
		};
		DF15B4831762373400D27835 /* NSTimer+Blocks */ = {
			isa = PBXGroup;
			children = (
				DF15B4841762373400D27835 /* NSTimer+Blocks.h */,
				DF15B4851762373400D27835 /* NSTimer+Blocks.m */,
			);
			name = "NSTimer+Blocks";
			path = "Controls/NSTimer+Blocks";
			sourceTree = "<group>";
		};
		DF15B4861762373400D27835 /* UIButton+Block */ = {
			isa = PBXGroup;
			children = (
				DF15B4871762373400D27835 /* UIButton+Block.h */,
				DF15B4881762373400D27835 /* UIButton+Block.m */,
			);
			name = "UIButton+Block";
			path = "Controls/UIButton+Block";
			sourceTree = "<group>";
		};
		DF15B4A41762399600D27835 /* General */ = {
			isa = PBXGroup;
			children = (
				DF15B5321762760300D27835 /* avatar.png */,
				DF15B5331762760300D27835 /* avatar@2x.png */,
				DF15B5391762850600D27835 /* menu_sample.png */,
				DF15B53A1762850600D27835 /* menu_sample@2x.png */,
				DF15B4A51762399600D27835 /* nil.png */,
				DF15B4A61762399600D27835 /* nil@2x.png */,
			);
			name = General;
			path = Resources/General;
			sourceTree = "<group>";
		};
		DF15B4A917623C2D00D27835 /* BlockAlerts */ = {
			isa = PBXGroup;
			children = (
				DF15B4AA17623C2E00D27835 /* BlockActionSheet.h */,
				DF15B4AB17623C2E00D27835 /* BlockActionSheet.m */,
				DF15B4AC17623C2E00D27835 /* BlockBackground.h */,
				DF15B4AD17623C2E00D27835 /* BlockBackground.m */,
				DF15B4AE17623C2E00D27835 /* images */,
			);
			name = BlockAlerts;
			path = Controls/BlockAlerts;
			sourceTree = "<group>";
		};
		DF15B4AE17623C2E00D27835 /* images */ = {
			isa = PBXGroup;
			children = (
			);
			path = images;
			sourceTree = "<group>";
		};
		DF15B4B117623CC700D27835 /* NavBar */ = {
			isa = PBXGroup;
			children = (
				DF15B51017625E6100D27835 /* nav_button_back_orange.png */,
				DF15B51117625E6100D27835 /* nav_button_back_orange@2x.png */,
				DF15B51217625E6100D27835 /* nav_button_orange.png */,
				DF15B51317625E6100D27835 /* nav_button_orange@2x.png */,
				DF15B4B217623CC700D27835 /* nav_logo.png */,
				DF15B4B317623CC700D27835 /* nav_logo@2x.png */,
				DF15B4B417623CC700D27835 /* nav_slidebutton.png */,
				DF15B4B517623CC700D27835 /* nav_slidebutton@2x.png */,
				DF15B4CC1762492600D27835 /* navbar_back.png */,
				DF15B4CD1762492600D27835 /* navbar_back@2x.png */,
				DF15B4CE1762492600D27835 /* navbar_cancel.png */,
				DF15B4CF1762492600D27835 /* navbar_cancel@2x.png */,
				DF15B4B617623CC700D27835 /* navbar.png */,
				DF15B4B717623CC700D27835 /* navbar@2x.png */,
				DF15B4BE17623E1C00D27835 /* newpost.png */,
				DF15B4BF17623E1C00D27835 /* newpost@2x.png */,
			);
			name = NavBar;
			path = Resources/NavBar;
			sourceTree = "<group>";
		};
		DF15B4D417624B2E00D27835 /* Buttons */ = {
			isa = PBXGroup;
			children = (
				DF15B4D917624C9E00D27835 /* gray_button.png */,
				DF15B4DA17624C9E00D27835 /* gray_button@2x.png */,
				DF15B50917625ACC00D27835 /* light_button.png */,
				DF15B50A17625ACC00D27835 /* light_button@2x.png */,
				DF15B4D517624B2E00D27835 /* orange_button.png */,
				DF15B4D617624B2E00D27835 /* orange_button@2x.png */,
			);
			name = Buttons;
			path = Resources/Buttons;
			sourceTree = "<group>";
		};
		DF15B4E6176252FA00D27835 /* NSTimer+Blocks */ = {
			isa = PBXGroup;
			children = (
				DF15B4E7176252FA00D27835 /* NSTimer+Blocks.h */,
				DF15B4E8176252FA00D27835 /* NSTimer+Blocks.m */,
			);
			name = "NSTimer+Blocks";
			path = "Controls/NSTimer+Blocks";
			sourceTree = "<group>";
		};
		DF15B4EA1762531000D27835 /* SDWebImage */ = {
			isa = PBXGroup;
			children = (
				DF15B4EB1762531000D27835 /* SDImageCache.h */,
				DF15B4EC1762531000D27835 /* SDImageCache.m */,
				DF15B4ED1762531000D27835 /* SDImageCacheDelegate.h */,
				DF15B4EE1762531000D27835 /* SDWebImageCompat.h */,
				DF15B4EF1762531000D27835 /* SDWebImageDecoder.h */,
				DF15B4F01762531000D27835 /* SDWebImageDecoder.m */,
				DF15B4F11762531000D27835 /* SDWebImageDownloader.h */,
				DF15B4F21762531000D27835 /* SDWebImageDownloader.m */,
				DF15B4F31762531000D27835 /* SDWebImageDownloaderDelegate.h */,
				DF15B4F41762531000D27835 /* SDWebImageManager.h */,
				DF15B4F51762531100D27835 /* SDWebImageManager.m */,
				DF15B4F61762531100D27835 /* SDWebImageManagerDelegate.h */,
				DF15B4F71762531100D27835 /* SDWebImagePrefetcher.h */,
				DF15B4F81762531100D27835 /* SDWebImagePrefetcher.m */,
				DF15B4F91762531100D27835 /* UIButton+WebCache.h */,
				DF15B4FA1762531100D27835 /* UIButton+WebCache.m */,
				DF15B4FB1762531100D27835 /* UIImageView+WebCache.h */,
				DF15B4FC1762531100D27835 /* UIImageView+WebCache.m */,
			);
			name = SDWebImage;
			path = Controls/SDWebImage;
			sourceTree = "<group>";
		};
		DF15B5041762540A00D27835 /* New Post */ = {
			isa = PBXGroup;
			children = (
				DF15B5051762540B00D27835 /* newpost_placeholder.png */,
				DF15B5061762540B00D27835 /* newpost_placeholder@2x.png */,
			);
			name = "New Post";
			path = "Resources/New Post";
			sourceTree = "<group>";
		};
		DF15B51B17626BC500D27835 /* ABFlatSwitch */ = {
			isa = PBXGroup;
			children = (
				DF15B51C17626BC500D27835 /* ABFlatSwitch.h */,
				DF15B51D17626BC500D27835 /* ABFlatSwitch.m */,
				DF15B51E17626BC500D27835 /* ABFlatSwitchKnobLayer.h */,
				DF15B51F17626BC500D27835 /* ABFlatSwitchKnobLayer.m */,
				DF15B52017626BC500D27835 /* ABFlatSwitchToggleLayer.h */,
				DF15B52117626BC500D27835 /* ABFlatSwitchToggleLayer.m */,
			);
			name = ABFlatSwitch;
			path = Controls/ABFlatSwitch;
			sourceTree = "<group>";
		};
		DF15B52717626F9A00D27835 /* HPGrowingTextView */ = {
			isa = PBXGroup;
			children = (
				DF15B52817626F9A00D27835 /* HPGrowingTextView.h */,
				DF15B52917626F9A00D27835 /* HPGrowingTextView.m */,
				DF15B52A17626F9A00D27835 /* HPTextViewInternal.h */,
				DF15B52B17626F9A00D27835 /* HPTextViewInternal.m */,
			);
			name = HPGrowingTextView;
			path = Controls/HPGrowingTextView;
			sourceTree = "<group>";
		};
		DF15B52E1762753000D27835 /* TableViewCells */ = {
			isa = PBXGroup;
			children = (
				DF15B52F1762754100D27835 /* PostCell.h */,
				DF15B5301762754200D27835 /* PostCell.m */,
			);
			name = TableViewCells;
			sourceTree = "<group>";
		};
		DF15B53D176286B300D27835 /* Start */ = {
			isa = PBXGroup;
			children = (
				DF15B53E176286B300D27835 /* start_fb_button.png */,
				DF15B53F176286B300D27835 /* start_fb_button@2x.png */,
				DF15B540176286B300D27835 /* start_sample.png */,
				DF15B541176286B300D27835 /* start_sample@2x.png */,
			);
			name = Start;
			path = Resources/Start;
			sourceTree = "<group>";
		};
		DF15B54617628D4200D27835 /* Feed */ = {
			isa = PBXGroup;
			children = (
				DF15B55D1762912100D27835 /* feed_achive.png */,
				DF15B55E1762912100D27835 /* feed_achive@2x.png */,
				DF15B54717628D4200D27835 /* feed_cheer.png */,
				DF15B54817628D4200D27835 /* feed_cheer@2x.png */,
				DF15B54917628D4200D27835 /* feed_cheer_hud.png */,
				DF15B54A17628D4200D27835 /* feed_cheer_hud@2x.png */,
				DF15B54B17628D4200D27835 /* feed_cheer_s.png */,
				DF15B54C17628D4200D27835 /* feed_cheer_s@2x.png */,
				DF15B54D17628D4200D27835 /* feed_comment.png */,
				DF15B54E17628D4200D27835 /* feed_comment@2x.png */,
				DF15B54F17628D4200D27835 /* feed_comment_s.png */,
				DF15B55017628D4200D27835 /* feed_comment_s@2x.png */,
			);
			name = Feed;
			path = Resources/Feed;
			sourceTree = "<group>";
		};
/* End PBXGroup section */

/* Begin PBXNativeTarget section */
		DF15B3FE176219A900D27835 /* Cheerly */ = {
			isa = PBXNativeTarget;
			buildConfigurationList = DF15B422176219A900D27835 /* Build configuration list for PBXNativeTarget "Cheerly" */;
			buildPhases = (
				DF15B3FB176219A900D27835 /* Sources */,
				DF15B3FC176219A900D27835 /* Frameworks */,
				DF15B3FD176219A900D27835 /* Resources */,
			);
			buildRules = (
			);
			dependencies = (
			);
			name = Cheerly;
			productName = Cheerly;
			productReference = DF15B3FF176219A900D27835 /* Cheerly.app */;
			productType = "com.apple.product-type.application";
		};
/* End PBXNativeTarget section */

/* Begin PBXProject section */
		DF15B3F7176219A900D27835 /* Project object */ = {
			isa = PBXProject;
			attributes = {
				LastUpgradeCheck = 0460;
				ORGANIZATIONNAME = "Nixter, Inc";
			};
			buildConfigurationList = DF15B3FA176219A900D27835 /* Build configuration list for PBXProject "Cheerly" */;
			compatibilityVersion = "Xcode 3.2";
			developmentRegion = English;
			hasScannedForEncodings = 0;
			knownRegions = (
				en,
			);
			mainGroup = DF15B3F6176219A900D27835;
			productRefGroup = DF15B400176219A900D27835 /* Products */;
			projectDirPath = "";
			projectRoot = "";
			targets = (
				DF15B3FE176219A900D27835 /* Cheerly */,
			);
		};
/* End PBXProject section */

/* Begin PBXResourcesBuildPhase section */
		DF15B3FD176219A900D27835 /* Resources */ = {
			isa = PBXResourcesBuildPhase;
			buildActionMask = 2147483647;
			files = (
				DF15B40D176219A900D27835 /* InfoPlist.strings in Resources */,
				DF15B41C176219A900D27835 /* MainStoryboard.storyboard in Resources */,
				DF15B4A71762399600D27835 /* nil.png in Resources */,
				DF15B4A81762399600D27835 /* nil@2x.png in Resources */,
				DF15B4B817623CC700D27835 /* nav_logo.png in Resources */,
				DF15B4B917623CC700D27835 /* nav_logo@2x.png in Resources */,
				DF15B4BA17623CC700D27835 /* nav_slidebutton.png in Resources */,
				DF15B4BB17623CC700D27835 /* nav_slidebutton@2x.png in Resources */,
				DF15B4BC17623CC700D27835 /* navbar.png in Resources */,
				DF15B4BD17623CC700D27835 /* navbar@2x.png in Resources */,
				DF15B4C017623E1C00D27835 /* newpost.png in Resources */,
				DF15B4C117623E1C00D27835 /* newpost@2x.png in Resources */,
				DF15B4C31762414400D27835 /* icon57.png in Resources */,
				DF15B4C51762414900D27835 /* icon114.png in Resources */,
				DF15B4C71762432200D27835 /* Default.png in Resources */,
				DF15B4C9176243CE00D27835 /* Default-568h@2x.png in Resources */,
				DF15B4CB176243D500D27835 /* Default@2x.png in Resources */,
				DF15B4D01762492600D27835 /* navbar_back.png in Resources */,
				DF15B4D11762492600D27835 /* navbar_back@2x.png in Resources */,
				DF15B4D21762492600D27835 /* navbar_cancel.png in Resources */,
				DF15B4D31762492600D27835 /* navbar_cancel@2x.png in Resources */,
				DF15B4D717624B2E00D27835 /* orange_button.png in Resources */,
				DF15B4D817624B2E00D27835 /* orange_button@2x.png in Resources */,
				DF15B4DB17624C9E00D27835 /* gray_button.png in Resources */,
				DF15B4DC17624C9E00D27835 /* gray_button@2x.png in Resources */,
				DF15B5071762540B00D27835 /* newpost_placeholder.png in Resources */,
				DF15B5081762540B00D27835 /* newpost_placeholder@2x.png in Resources */,
				DF15B50B17625ACC00D27835 /* light_button.png in Resources */,
				DF15B50C17625ACC00D27835 /* light_button@2x.png in Resources */,
				DF15B51417625E6100D27835 /* nav_button_back_orange.png in Resources */,
				DF15B51517625E6100D27835 /* nav_button_back_orange@2x.png in Resources */,
				DF15B51617625E6100D27835 /* nav_button_orange.png in Resources */,
				DF15B51717625E6100D27835 /* nav_button_orange@2x.png in Resources */,
				DF15B5341762760300D27835 /* avatar.png in Resources */,
				DF15B5351762760300D27835 /* avatar@2x.png in Resources */,
				DF15B53B1762850600D27835 /* menu_sample.png in Resources */,
				DF15B53C1762850600D27835 /* menu_sample@2x.png in Resources */,
				DF15B542176286B300D27835 /* start_fb_button.png in Resources */,
				DF15B543176286B300D27835 /* start_fb_button@2x.png in Resources */,
				DF15B544176286B300D27835 /* start_sample.png in Resources */,
				DF15B545176286B300D27835 /* start_sample@2x.png in Resources */,
				DF15B55117628D4200D27835 /* feed_cheer.png in Resources */,
				DF15B55217628D4200D27835 /* feed_cheer@2x.png in Resources */,
				DF15B55317628D4200D27835 /* feed_cheer_hud.png in Resources */,
				DF15B55417628D4200D27835 /* feed_cheer_hud@2x.png in Resources */,
				DF15B55517628D4200D27835 /* feed_cheer_s.png in Resources */,
				DF15B55617628D4200D27835 /* feed_cheer_s@2x.png in Resources */,
				DF15B55717628D4200D27835 /* feed_comment.png in Resources */,
				DF15B55817628D4200D27835 /* feed_comment@2x.png in Resources */,
				DF15B55917628D4200D27835 /* feed_comment_s.png in Resources */,
				DF15B55A17628D4200D27835 /* feed_comment_s@2x.png in Resources */,
				DF15B55F1762912100D27835 /* feed_achive.png in Resources */,
				DF15B5601762912100D27835 /* feed_achive@2x.png in Resources */,
				DF15B5631762962500D27835 /* featured_swipe_rsvp@2x.png in Resources */,
				DF15B5641762962500D27835 /* featured_swipe_rsvp.png in Resources */,
			);
			runOnlyForDeploymentPostprocessing = 0;
		};
/* End PBXResourcesBuildPhase section */

/* Begin PBXSourcesBuildPhase section */
		DF15B3FB176219A900D27835 /* Sources */ = {
			isa = PBXSourcesBuildPhase;
			buildActionMask = 2147483647;
			files = (
				DF15B40F176219A900D27835 /* main.m in Sources */,
				DF15B413176219A900D27835 /* AppDelegate.m in Sources */,
				DF15B44E17621EBF00D27835 /* SplashVC.m in Sources */,
				DF15B4591762202000D27835 /* MBProgressHUD.m in Sources */,
				DF15B45F1762208E00D27835 /* JASidePanelController.m in Sources */,
				DF15B4601762208E00D27835 /* UIViewController+JASidePanel.m in Sources */,
				DF15B4891762373400D27835 /* NSDictionary+Null.m in Sources */,
				DF15B48A1762373400D27835 /* NSTimer+Blocks.m in Sources */,
				DF15B48B1762373400D27835 /* UIButton+Block.m in Sources */,
				DF15B48E1762391B00D27835 /* Colors.m in Sources */,
				DF15B4931762392800D27835 /* DesignHelper.m in Sources */,
				DF15B4941762392800D27835 /* Font.m in Sources */,
				DF15B4971762393100D27835 /* Post.m in Sources */,
				DF15B49E1762393D00D27835 /* FeedVC.m in Sources */,
				DF15B49F1762393D00D27835 /* MenuVC.m in Sources */,
				DF15B4A01762393D00D27835 /* NewPostVC.m in Sources */,
				DF15B4A31762395100D27835 /* StartVC.m in Sources */,
				DF15B4AF17623C2E00D27835 /* BlockActionSheet.m in Sources */,
				DF15B4B017623C2E00D27835 /* BlockBackground.m in Sources */,
				DF15B4DF176250FD00D27835 /* UserFollow.m in Sources */,
				DF15B4E21762519E00D27835 /* UserVC.m in Sources */,
				DF15B4E9176252FA00D27835 /* NSTimer+Blocks.m in Sources */,
				DF15B4FD1762531100D27835 /* SDImageCache.m in Sources */,
				DF15B4FE1762531100D27835 /* SDWebImageDecoder.m in Sources */,
				DF15B4FF1762531100D27835 /* SDWebImageDownloader.m in Sources */,
				DF15B5001762531100D27835 /* SDWebImageManager.m in Sources */,
				DF15B5011762531100D27835 /* SDWebImagePrefetcher.m in Sources */,
				DF15B5021762531100D27835 /* UIButton+WebCache.m in Sources */,
				DF15B5031762531100D27835 /* UIImageView+WebCache.m in Sources */,
				DF15B52217626BC500D27835 /* ABFlatSwitch.m in Sources */,
				DF15B52317626BC500D27835 /* ABFlatSwitchKnobLayer.m in Sources */,
				DF15B52417626BC500D27835 /* ABFlatSwitchToggleLayer.m in Sources */,
				DF15B52C17626F9A00D27835 /* HPGrowingTextView.m in Sources */,
				DF15B52D17626F9A00D27835 /* HPTextViewInternal.m in Sources */,
				DF15B5311762754200D27835 /* PostCell.m in Sources */,
				DF15B5381762815D00D27835 /* AppHelper.m in Sources */,
			);
			runOnlyForDeploymentPostprocessing = 0;
		};
/* End PBXSourcesBuildPhase section */

/* Begin PBXVariantGroup section */
		DF15B40B176219A900D27835 /* InfoPlist.strings */ = {
			isa = PBXVariantGroup;
			children = (
				DF15B40C176219A900D27835 /* en */,
			);
			name = InfoPlist.strings;
			sourceTree = "<group>";
		};
		DF15B41A176219A900D27835 /* MainStoryboard.storyboard */ = {
			isa = PBXVariantGroup;
			children = (
				DF15B41B176219A900D27835 /* en */,
			);
			name = MainStoryboard.storyboard;
			path = Cheerly;
			sourceTree = "<group>";
		};
/* End PBXVariantGroup section */

/* Begin XCBuildConfiguration section */
		DF15B420176219A900D27835 /* Debug */ = {
			isa = XCBuildConfiguration;
			buildSettings = {
				ALWAYS_SEARCH_USER_PATHS = NO;
				CLANG_CXX_LANGUAGE_STANDARD = "gnu++0x";
				CLANG_CXX_LIBRARY = "libc++";
				CLANG_ENABLE_OBJC_ARC = YES;
				CLANG_WARN_CONSTANT_CONVERSION = YES;
				CLANG_WARN_EMPTY_BODY = YES;
				CLANG_WARN_ENUM_CONVERSION = YES;
				CLANG_WARN_INT_CONVERSION = YES;
				CLANG_WARN__DUPLICATE_METHOD_MATCH = YES;
				"CODE_SIGN_IDENTITY[sdk=iphoneos*]" = "iPhone Developer";
				COPY_PHASE_STRIP = NO;
				GCC_C_LANGUAGE_STANDARD = gnu99;
				GCC_DYNAMIC_NO_PIC = NO;
				GCC_OPTIMIZATION_LEVEL = 0;
				GCC_PREPROCESSOR_DEFINITIONS = (
					"DEBUG=1",
					"$(inherited)",
				);
				GCC_SYMBOLS_PRIVATE_EXTERN = NO;
				GCC_WARN_ABOUT_RETURN_TYPE = YES;
				GCC_WARN_UNINITIALIZED_AUTOS = YES;
				GCC_WARN_UNUSED_VARIABLE = YES;
				IPHONEOS_DEPLOYMENT_TARGET = 6.1;
				ONLY_ACTIVE_ARCH = YES;
				SDKROOT = iphoneos;
			};
			name = Debug;
		};
		DF15B421176219A900D27835 /* Release */ = {
			isa = XCBuildConfiguration;
			buildSettings = {
				ALWAYS_SEARCH_USER_PATHS = NO;
				CLANG_CXX_LANGUAGE_STANDARD = "gnu++0x";
				CLANG_CXX_LIBRARY = "libc++";
				CLANG_ENABLE_OBJC_ARC = YES;
				CLANG_WARN_CONSTANT_CONVERSION = YES;
				CLANG_WARN_EMPTY_BODY = YES;
				CLANG_WARN_ENUM_CONVERSION = YES;
				CLANG_WARN_INT_CONVERSION = YES;
				CLANG_WARN__DUPLICATE_METHOD_MATCH = YES;
				"CODE_SIGN_IDENTITY[sdk=iphoneos*]" = "iPhone Developer";
				COPY_PHASE_STRIP = YES;
				GCC_C_LANGUAGE_STANDARD = gnu99;
				GCC_WARN_ABOUT_RETURN_TYPE = YES;
				GCC_WARN_UNINITIALIZED_AUTOS = YES;
				GCC_WARN_UNUSED_VARIABLE = YES;
				IPHONEOS_DEPLOYMENT_TARGET = 6.1;
				OTHER_CFLAGS = "-DNS_BLOCK_ASSERTIONS=1";
				SDKROOT = iphoneos;
				VALIDATE_PRODUCT = YES;
			};
			name = Release;
		};
		DF15B423176219A900D27835 /* Debug */ = {
			isa = XCBuildConfiguration;
			buildSettings = {
				CODE_SIGN_IDENTITY = "iPhone Developer: Vicente Yarad (WREPZ2756F)";
				"CODE_SIGN_IDENTITY[sdk=iphoneos*]" = "iPhone Developer: Vicente Yarad (WREPZ2756F)";
				FRAMEWORK_SEARCH_PATHS = (
					"$(inherited)",
					"\"$(SRCROOT)/Frameworks\"",
				);
				GCC_PRECOMPILE_PREFIX_HEADER = YES;
				GCC_PREFIX_HEADER = "Cheerly/Cheerly-Prefix.pch";
				INFOPLIST_FILE = "Cheerly/Cheerly-Info.plist";
				IPHONEOS_DEPLOYMENT_TARGET = 6.0;
				PRODUCT_NAME = "$(TARGET_NAME)";
				PROVISIONING_PROFILE = "E5B44D97-CC06-46CD-8799-9FEF3F95F891";
				"PROVISIONING_PROFILE[sdk=iphoneos*]" = "E5B44D97-CC06-46CD-8799-9FEF3F95F891";
				TARGETED_DEVICE_FAMILY = 1;
				WRAPPER_EXTENSION = app;
			};
			name = Debug;
		};
		DF15B424176219A900D27835 /* Release */ = {
			isa = XCBuildConfiguration;
			buildSettings = {
				CODE_SIGN_IDENTITY = "iPhone Developer: Vicente Yarad (WREPZ2756F)";
				"CODE_SIGN_IDENTITY[sdk=iphoneos*]" = "iPhone Developer: Vicente Yarad (WREPZ2756F)";
				FRAMEWORK_SEARCH_PATHS = (
					"$(inherited)",
					"\"$(SRCROOT)/Frameworks\"",
				);
				GCC_PRECOMPILE_PREFIX_HEADER = YES;
				GCC_PREFIX_HEADER = "Cheerly/Cheerly-Prefix.pch";
				INFOPLIST_FILE = "Cheerly/Cheerly-Info.plist";
				IPHONEOS_DEPLOYMENT_TARGET = 6.0;
				PRODUCT_NAME = "$(TARGET_NAME)";
				PROVISIONING_PROFILE = "E5B44D97-CC06-46CD-8799-9FEF3F95F891";
				"PROVISIONING_PROFILE[sdk=iphoneos*]" = "E5B44D97-CC06-46CD-8799-9FEF3F95F891";
				TARGETED_DEVICE_FAMILY = 1;
				WRAPPER_EXTENSION = app;
			};
			name = Release;
		};
/* End XCBuildConfiguration section */

/* Begin XCConfigurationList section */
		DF15B3FA176219A900D27835 /* Build configuration list for PBXProject "Cheerly" */ = {
			isa = XCConfigurationList;
			buildConfigurations = (
				DF15B420176219A900D27835 /* Debug */,
				DF15B421176219A900D27835 /* Release */,
			);
			defaultConfigurationIsVisible = 0;
			defaultConfigurationName = Release;
		};
		DF15B422176219A900D27835 /* Build configuration list for PBXNativeTarget "Cheerly" */ = {
			isa = XCConfigurationList;
			buildConfigurations = (
				DF15B423176219A900D27835 /* Debug */,
				DF15B424176219A900D27835 /* Release */,
			);
			defaultConfigurationIsVisible = 0;
			defaultConfigurationName = Release;
		};
/* End XCConfigurationList section */
	};
	rootObject = DF15B3F7176219A900D27835 /* Project object */;
}
